
Microsoft Visual Studio Solution File, Format Version 12.00
# Visual Studio 2013
VisualStudioVersion = 12.0.31101.0
MinimumVisualStudioVersion = 10.0.40219.1
Project("{FAE04EC0-301F-11D3-BF4B-00C04F79EFBC}") = "RUAPLV62", "RUAPLV62\RUAPLV62.csproj", "{8DEF499A-0152-44A3-BFE9-4C7BAB3A25CB}"
EndProject
Global
	GlobalSection(SolutionConfigurationPlatforms) = preSolution
		Debug|Any CPU = Debug|Any CPU
		Release|Any CPU = Release|Any CPU
	EndGlobalSection
	GlobalSection(ProjectConfigurationPlatforms) = postSolution
		{8DEF499A-0152-44A3-BFE9-4C7BAB3A25CB}.Debug|Any CPU.ActiveCfg = Debug|Any CPU
		{8DEF499A-0152-44A3-BFE9-4C7BAB3A25CB}.Debug|Any CPU.Build.0 = Debug|Any CPU
		{8DEF499A-0152-44A3-BFE9-4C7BAB3A25CB}.Release|Any CPU.ActiveCfg = Release|Any CPU
		{8DEF499A-0152-44A3-BFE9-4C7BAB3A25CB}.Release|Any CPU.Build.0 = Release|Any CPU
	EndGlobalSection
	GlobalSection(SolutionProperties) = preSolution
		HideSolutionNode = FALSE
	EndGlobalSection
EndGlobal
